
Microsoft Visual Studio Solution File, Format Version 12.00
# Visual Studio 15
VisualStudioVersion = 15.0.28307.1831
MinimumVisualStudioVersion = 10.0.40219.1
Project("{FAE04EC0-301F-11D3-BF4B-00C04F79EFBC}") = "uyg04", "uyg04\uyg04.csproj", "{1DFEDF3A-D3DC-41F6-8C51-192F15D9F4CA}"
EndProject
Global
	GlobalSection(SolutionConfigurationPlatforms) = preSolution
		Debug|Any CPU = Debug|Any CPU
		Release|Any CPU = Release|Any CPU
	EndGlobalSection
	GlobalSection(ProjectConfigurationPlatforms) = postSolution
		{1DFEDF3A-D3DC-41F6-8C51-192F15D9F4CA}.Debug|Any CPU.ActiveCfg = Debug|Any CPU
		{1DFEDF3A-D3DC-41F6-8C51-192F15D9F4CA}.Debug|Any CPU.Build.0 = Debug|Any CPU
		{1DFEDF3A-D3DC-41F6-8C51-192F15D9F4CA}.Release|Any CPU.ActiveCfg = Release|Any CPU
		{1DFEDF3A-D3DC-41F6-8C51-192F15D9F4CA}.Release|Any CPU.Build.0 = Release|Any CPU
	EndGlobalSection
	GlobalSection(SolutionProperties) = preSolution
		HideSolutionNode = FALSE
	EndGlobalSection
	GlobalSection(ExtensibilityGlobals) = postSolution
		SolutionGuid = {D0EE62A1-CB19-42B8-8356-5ACE907B01B7}
	EndGlobalSection
EndGlobal
